<?xml version="1.0" encoding="utf-8"?>
<Project ToolsVersion="4.0" xmlns="http://schemas.microsoft.com/developer/msbuild/2003">
  <ItemGroup>
    <Filter Include="Source Files">
      <UniqueIdentifier>{4FC737F1-C7A5-4376-A066-2A32D752A2FF}</UniqueIdentifier>
      <Extensions>cpp;c;cc;cxx;def;odl;idl;hpj;bat;asm;asmx</Extensions>
    </Filter>
    <Filter Include="Header Files">
      <UniqueIdentifier>{93995380-89BD-4b04-88EB-625FBE52EBFB}</UniqueIdentifier>
      <Extensions>h;hpp;hxx;hm;inl;inc;xsd</Extensions>
    </Filter>
    <Filter Include="Resource Files">
      <UniqueIdentifier>{67DA6AB6-F800-4c08-8B7A-83BB121AAD01}</UniqueIdentifier>
      <Extensions>rc;ico;cur;bmp;dlg;rc2;rct;bin;rgs;gif;jpg;jpeg;jpe;resx;tiff;tif;png;wav;mfcribbon-ms</Extensions>
    </Filter>
    <Filter Include="test">
      <UniqueIdentifier>{e4ff750f-52a6-47a6-9d1a-432bd19cc3e9}</UniqueIdentifier>
    </Filter>
    <Filter Include="run">
      <UniqueIdentifier>{b91bc947-0f2d-44f0-92bf-8746af10c43c}</UniqueIdentifier>
    </Filter>
  </ItemGroup>
  <ItemGroup>
    <ClCompile Include="..\..\backtestbed\marketdatareplayer.cpp">
      <Filter>Source Files</Filter>
    </ClCompile>
    <ClCompile Include="..\..\backtestbed\test\marketdatereplayer_test.cpp">
      <Filter>test</Filter>
    </ClCompile>
    <ClCompile Include="..\..\backtestbed\faketimerprovider.cpp">
      <Filter>Source Files</Filter>
    </ClCompile>
    <ClCompile Include="..\..\backtestbed\testbed.cpp">
      <Filter>Source Files</Filter>
    </ClCompile>
    <ClCompile Include="..\..\backtestbed\fakeordermanager.cpp">
      <Filter>Source Files</Filter>
    </ClCompile>
    <ClCompile Include="..\..\backtestbed\test\faketimerprovider_test.cpp">
      <Filter>test</Filter>
    </ClCompile>
    <ClCompile Include="..\..\backtestbed\test\fakeordermanager_test.cpp">
      <Filter>test</Filter>
    </ClCompile>
    <ClCompile Include="..\..\backtestbed\marketdatastore.cpp">
      <Filter>Source Files</Filter>
    </ClCompile>
    <ClCompile Include="..\..\backtestbed\test\testconfiguremanager_test.cpp">
      <Filter>test</Filter>
    </ClCompile>
    <ClCompile Include="..\..\backtestbed\testConfigureManager.cpp">
      <Filter>Source Files</Filter>
    </ClCompile>
    <ClCompile Include="..\..\backtestbed\run\cookdata_main.cpp">
      <Filter>run</Filter>
    </ClCompile>
    <ClCompile Include="..\..\backtestbed\testfixture.cpp">
      <Filter>Source Files</Filter>
    </ClCompile>
    <ClCompile Include="..\..\backtestbed\datacache.cpp">
      <Filter>Source Files</Filter>
    </ClCompile>
    <ClCompile Include="..\..\backtestbed\testpositionmanager.h">
      <Filter>Header Files</Filter>
    </ClCompile>
    <ClCompile Include="..\..\backtestbed\testpositionmanager.cpp">
      <Filter>Source Files</Filter>
    </ClCompile>
  </ItemGroup>
  <ItemGroup>
    <ClInclude Include="..\..\backtestbed\marketdatareplayer.h">
      <Filter>Header Files</Filter>
    </ClInclude>
    <ClInclude Include="..\..\backtestbed\marketdatastore.h">
      <Filter>Header Files</Filter>
    </ClInclude>
    <ClInclude Include="..\..\backtestbed\fakeordermanager.h">
      <Filter>Header Files</Filter>
    </ClInclude>
    <ClInclude Include="..\..\backtestbed\faketimerprovider.h">
      <Filter>Header Files</Filter>
    </ClInclude>
    <ClInclude Include="..\..\backtestbed\testbed.h">
      <Filter>Header Files</Filter>
    </ClInclude>
    <ClInclude Include="..\..\backtestbed\nullLogger.h">
      <Filter>Header Files</Filter>
    </ClInclude>
    <ClInclude Include="..\..\backtestbed\testConfigureManager.h">
      <Filter>Header Files</Filter>
    </ClInclude>
    <ClInclude Include="..\..\backtestbed\testfixture.h">
      <Filter>Header Files</Filter>
    </ClInclude>
    <ClInclude Include="..\..\backtestbed\datacache.h">
      <Filter>Header Files</Filter>
    </ClInclude>
  </ItemGroup>
  <ItemGroup>
    <None Include="..\..\backtestbed\wscript" />
    <None Include="ClassDiagram1.cd" />
  </ItemGroup>
</Project>